// !$*UTF8*$!
{
	archiveVersion = 1;
	classes = {
	};
	objectVersion = 46;
	objects = {

/* Begin PBXBuildFile section */
		35F0B9B022A834F700C7E7C2 /* main.m in Sources */ = {isa = PBXBuildFile; fileRef = 35F0B9AF22A834F700C7E7C2 /* main.m */; };
		35FEB2C622AAA70600CCA4A8 /* Cocoa.framework in Frameworks */ = {isa = PBXBuildFile; fileRef = 35FEB2C522AAA70600CCA4A8 /* Cocoa.framework */; };
		35FEB2CD22AAAB1A00CCA4A8 /* R.framework in Frameworks */ = {isa = PBXBuildFile; fileRef = 35FEB2CC22AAAB1A00CCA4A8 /* R.framework */; };
		35FEB2D122AAAEDE00CCA4A8 /* RCocoa.framework in Frameworks */ = {isa = PBXBuildFile; fileRef = 35FEB2CF22AAAED100CCA4A8 /* RCocoa.framework */; };
		35FEB2D222AAAEE800CCA4A8 /* RCocoa.framework in CopyFiles */ = {isa = PBXBuildFile; fileRef = 35FEB2CF22AAAED100CCA4A8 /* RCocoa.framework */; settings = {ATTRIBUTES = (CodeSignOnCopy, RemoveHeadersOnCopy, ); }; };
/* End PBXBuildFile section */

/* Begin PBXCopyFilesBuildPhase section */
		35F0B9AA22A834F700C7E7C2 /* CopyFiles */ = {
			isa = PBXCopyFilesBuildPhase;
			buildActionMask = 12;
			dstPath = "";
			dstSubfolderSpec = 10;
			files = (
				35FEB2D222AAAEE800CCA4A8 /* RCocoa.framework in CopyFiles */,
			);
			runOnlyForDeploymentPostprocessing = 0;
		};
/* End PBXCopyFilesBuildPhase section */

/* Begin PBXFileReference section */
		35F0B9AC22A834F700C7E7C2 /* RCocoaExample */ = {isa = PBXFileReference; explicitFileType = "compiled.mach-o.executable"; includeInIndex = 0; path = RCocoaExample; sourceTree = BUILT_PRODUCTS_DIR; };
		35F0B9AF22A834F700C7E7C2 /* main.m */ = {isa = PBXFileReference; lastKnownFileType = sourcecode.c.objc; path = main.m; sourceTree = "<group>"; };
		35FEB2C522AAA70600CCA4A8 /* Cocoa.framework */ = {isa = PBXFileReference; lastKnownFileType = wrapper.framework; name = Cocoa.framework; path = System/Library/Frameworks/Cocoa.framework; sourceTree = SDKROOT; };
		35FEB2CC22AAAB1A00CCA4A8 /* R.framework */ = {isa = PBXFileReference; lastKnownFileType = wrapper.framework; name = R.framework; path = ../../../../../Library/Frameworks/R.framework; sourceTree = "<group>"; };
		35FEB2CF22AAAED100CCA4A8 /* RCocoa.framework */ = {isa = PBXFileReference; lastKnownFileType = wrapper.framework; name = RCocoa.framework; path = Frameworks/RCocoa.framework; sourceTree = "<group>"; };
/* End PBXFileReference section */

/* Begin PBXFrameworksBuildPhase section */
		35F0B9A922A834F700C7E7C2 /* Frameworks */ = {
			isa = PBXFrameworksBuildPhase;
			buildActionMask = 2147483647;
			files = (
				35FEB2D122AAAEDE00CCA4A8 /* RCocoa.framework in Frameworks */,
				35FEB2CD22AAAB1A00CCA4A8 /* R.framework in Frameworks */,
				35FEB2C622AAA70600CCA4A8 /* Cocoa.framework in Frameworks */,
			);
			runOnlyForDeploymentPostprocessing = 0;
		};
/* End PBXFrameworksBuildPhase section */

/* Begin PBXGroup section */
		35F0B9A322A834F700C7E7C2 = {
			isa = PBXGroup;
			children = (
				35F0B9AE22A834F700C7E7C2 /* RCocoaExample */,
				35F0B9AD22A834F700C7E7C2 /* Products */,
				35FEB2C422AAA70600CCA4A8 /* Frameworks */,
			);
			sourceTree = "<group>";
		};
		35F0B9AD22A834F700C7E7C2 /* Products */ = {
			isa = PBXGroup;
			children = (
				35F0B9AC22A834F700C7E7C2 /* RCocoaExample */,
			);
			name = Products;
			sourceTree = "<group>";
		};
		35F0B9AE22A834F700C7E7C2 /* RCocoaExample */ = {
			isa = PBXGroup;
			children = (
				35F0B9AF22A834F700C7E7C2 /* main.m */,
			);
			path = RCocoaExample;
			sourceTree = "<group>";
		};
		35FEB2C422AAA70600CCA4A8 /* Frameworks */ = {
			isa = PBXGroup;
			children = (
				35FEB2CF22AAAED100CCA4A8 /* RCocoa.framework */,
				35FEB2CC22AAAB1A00CCA4A8 /* R.framework */,
				35FEB2C522AAA70600CCA4A8 /* Cocoa.framework */,
			);
			name = Frameworks;
			sourceTree = "<group>";
		};
/* End PBXGroup section */

/* Begin PBXNativeTarget section */
		35F0B9AB22A834F700C7E7C2 /* RCocoaExample */ = {
			isa = PBXNativeTarget;
			buildConfigurationList = 35F0B9B322A834F700C7E7C2 /* Build configuration list for PBXNativeTarget "RCocoaExample" */;
			buildPhases = (
				35F0B9A822A834F700C7E7C2 /* Sources */,
				35F0B9A922A834F700C7E7C2 /* Frameworks */,
				35F0B9AA22A834F700C7E7C2 /* CopyFiles */,
			);
			buildRules = (
			);
			dependencies = (
			);
			name = RCocoaExample;
			productName = RCocoaExample;
			productReference = 35F0B9AC22A834F700C7E7C2 /* RCocoaExample */;
			productType = "com.apple.product-type.tool";
		};
/* End PBXNativeTarget section */

/* Begin PBXProject section */
		35F0B9A422A834F700C7E7C2 /* Project object */ = {
			isa = PBXProject;
			attributes = {
				LastUpgradeCheck = 0830;
				ORGANIZATIONNAME = StatTag;
				TargetAttributes = {
					35F0B9AB22A834F700C7E7C2 = {
						CreatedOnToolsVersion = 8.3.3;
						ProvisioningStyle = Automatic;
					};
				};
			};
			buildConfigurationList = 35F0B9A722A834F700C7E7C2 /* Build configuration list for PBXProject "RCocoaExample" */;
			compatibilityVersion = "Xcode 3.2";
			developmentRegion = English;
			hasScannedForEncodings = 0;
			knownRegions = (
				en,
			);
			mainGroup = 35F0B9A322A834F700C7E7C2;
			productRefGroup = 35F0B9AD22A834F700C7E7C2 /* Products */;
			projectDirPath = "";
			projectRoot = "";
			targets = (
				35F0B9AB22A834F700C7E7C2 /* RCocoaExample */,
			);
		};
/* End PBXProject section */

/* Begin PBXSourcesBuildPhase section */
		35F0B9A822A834F700C7E7C2 /* Sources */ = {
			isa = PBXSourcesBuildPhase;
			buildActionMask = 2147483647;
			files = (
				35F0B9B022A834F700C7E7C2 /* main.m in Sources */,
			);
			runOnlyForDeploymentPostprocessing = 0;
		};
/* End PBXSourcesBuildPhase section */

/* Begin XCBuildConfiguration section */
		35F0B9B122A834F700C7E7C2 /* Debug */ = {
			isa = XCBuildConfiguration;
			buildSettings = {
				ALWAYS_SEARCH_USER_PATHS = NO;
				CLANG_ANALYZER_NONNULL = YES;
				CLANG_ANALYZER_NUMBER_OBJECT_CONVERSION = YES_AGGRESSIVE;
				CLANG_CXX_LANGUAGE_STANDARD = "gnu++0x";
				CLANG_CXX_LIBRARY = "libc++";
				CLANG_ENABLE_MODULES = YES;
				CLANG_ENABLE_OBJC_ARC = YES;
				CLANG_WARN_BOOL_CONVERSION = YES;
				CLANG_WARN_CONSTANT_CONVERSION = YES;
				CLANG_WARN_DIRECT_OBJC_ISA_USAGE = YES_ERROR;
				CLANG_WARN_DOCUMENTATION_COMMENTS = YES;
				CLANG_WARN_EMPTY_BODY = YES;
				CLANG_WARN_ENUM_CONVERSION = YES;
				CLANG_WARN_INFINITE_RECURSION = YES;
				CLANG_WARN_INT_CONVERSION = YES;
				CLANG_WARN_OBJC_ROOT_CLASS = YES_ERROR;
				CLANG_WARN_SUSPICIOUS_MOVE = YES;
				CLANG_WARN_UNREACHABLE_CODE = YES;
				CLANG_WARN__DUPLICATE_METHOD_MATCH = YES;
				CODE_SIGN_IDENTITY = "-";
				COPY_PHASE_STRIP = NO;
				DEBUG_INFORMATION_FORMAT = dwarf;
				ENABLE_STRICT_OBJC_MSGSEND = YES;
				ENABLE_TESTABILITY = YES;
				GCC_C_LANGUAGE_STANDARD = gnu99;
				GCC_DYNAMIC_NO_PIC = NO;
				GCC_NO_COMMON_BLOCKS = YES;
				GCC_OPTIMIZATION_LEVEL = 0;
				GCC_PREPROCESSOR_DEFINITIONS = (
					"DEBUG=1",
					"$(inherited)",
				);
				GCC_WARN_64_TO_32_BIT_CONVERSION = YES;
				GCC_WARN_ABOUT_RETURN_TYPE = YES_ERROR;
				GCC_WARN_UNDECLARED_SELECTOR = YES;
				GCC_WARN_UNINITIALIZED_AUTOS = YES_AGGRESSIVE;
				GCC_WARN_UNUSED_FUNCTION = YES;
				GCC_WARN_UNUSED_VARIABLE = YES;
				MACOSX_DEPLOYMENT_TARGET = 10.13;
				MTL_ENABLE_DEBUG_INFO = YES;
				ONLY_ACTIVE_ARCH = YES;
				SDKROOT = macosx;
			};
			name = Debug;
		};
		35F0B9B222A834F700C7E7C2 /* Release */ = {
			isa = XCBuildConfiguration;
			buildSettings = {
				ALWAYS_SEARCH_USER_PATHS = NO;
				CLANG_ANALYZER_NONNULL = YES;
				CLANG_ANALYZER_NUMBER_OBJECT_CONVERSION = YES_AGGRESSIVE;
				CLANG_CXX_LANGUAGE_STANDARD = "gnu++0x";
				CLANG_CXX_LIBRARY = "libc++";
				CLANG_ENABLE_MODULES = YES;
				CLANG_ENABLE_OBJC_ARC = YES;
				CLANG_WARN_BOOL_CONVERSION = YES;
				CLANG_WARN_CONSTANT_CONVERSION = YES;
				CLANG_WARN_DIRECT_OBJC_ISA_USAGE = YES_ERROR;
				CLANG_WARN_DOCUMENTATION_COMMENTS = YES;
				CLANG_WARN_EMPTY_BODY = YES;
				CLANG_WARN_ENUM_CONVERSION = YES;
				CLANG_WARN_INFINITE_RECURSION = YES;
				CLANG_WARN_INT_CONVERSION = YES;
				CLANG_WARN_OBJC_ROOT_CLASS = YES_ERROR;
				CLANG_WARN_SUSPICIOUS_MOVE = YES;
				CLANG_WARN_UNREACHABLE_CODE = YES;
				CLANG_WARN__DUPLICATE_METHOD_MATCH = YES;
				CODE_SIGN_IDENTITY = "-";
				COPY_PHASE_STRIP = NO;
				DEBUG_INFORMATION_FORMAT = "dwarf-with-dsym";
				ENABLE_NS_ASSERTIONS = NO;
				ENABLE_STRICT_OBJC_MSGSEND = YES;
				GCC_C_LANGUAGE_STANDARD = gnu99;
				GCC_NO_COMMON_BLOCKS = YES;
				GCC_WARN_64_TO_32_BIT_CONVERSION = YES;
				GCC_WARN_ABOUT_RETURN_TYPE = YES_ERROR;
				GCC_WARN_UNDECLARED_SELECTOR = YES;
				GCC_WARN_UNINITIALIZED_AUTOS = YES_AGGRESSIVE;
				GCC_WARN_UNUSED_FUNCTION = YES;
				GCC_WARN_UNUSED_VARIABLE = YES;
				MACOSX_DEPLOYMENT_TARGET = 10.13;
				MTL_ENABLE_DEBUG_INFO = NO;
				SDKROOT = macosx;
			};
			name = Release;
		};
		35F0B9B422A834F700C7E7C2 /* Debug */ = {
			isa = XCBuildConfiguration;
			buildSettings = {
				CLANG_ALLOW_NON_MODULAR_INCLUDES_IN_FRAMEWORK_MODULES = YES;
				DYLIB_INSTALL_NAME_BASE = "";
				FRAMEWORK_SEARCH_PATHS = (
					"$(inherited)",
					"$(PROJECT_DIR)",
					"$(LOCAL_LIBRARY_DIR)/Frameworks/**",
					"$(PROJECT_DIR)/Frameworks",
				);
				HEADER_SEARCH_PATHS = (
					"$(LOCAL_LIBRARY_DIR)/Frameworks/R.framework/Headers",
					"\"$(SRCROOT)/Frameworks/RCocoa.framework/Headers\"/**",
				);
				LD_DYLIB_INSTALL_NAME = "";
				LD_RUNPATH_SEARCH_PATHS = "$(inherited) @executable_path/../Frameworks /Library/Frameworks";
				MACOSX_DEPLOYMENT_TARGET = 10.12;
				OTHER_LDFLAGS = (
					"-ObjC",
					"-all_load",
				);
				PRODUCT_NAME = "$(TARGET_NAME)";
				SKIP_INSTALL = NO;
			};
			name = Debug;
		};
		35F0B9B522A834F700C7E7C2 /* Release */ = {
			isa = XCBuildConfiguration;
			buildSettings = {
				CLANG_ALLOW_NON_MODULAR_INCLUDES_IN_FRAMEWORK_MODULES = YES;
				DYLIB_INSTALL_NAME_BASE = "";
				FRAMEWORK_SEARCH_PATHS = (
					"$(inherited)",
					"$(PROJECT_DIR)",
					"$(LOCAL_LIBRARY_DIR)/Frameworks/**",
					"$(PROJECT_DIR)/Frameworks",
				);
				HEADER_SEARCH_PATHS = (
					"$(LOCAL_LIBRARY_DIR)/Frameworks/R.framework/Headers",
					"\"$(SRCROOT)/Frameworks/RCocoa.framework/Headers\"/**",
				);
				LD_DYLIB_INSTALL_NAME = "";
				LD_RUNPATH_SEARCH_PATHS = "$(inherited) @executable_path/../Frameworks /Library/Frameworks";
				MACOSX_DEPLOYMENT_TARGET = 10.12;
				OTHER_LDFLAGS = (
					"-ObjC",
					"-all_load",
				);
				PRODUCT_NAME = "$(TARGET_NAME)";
				SKIP_INSTALL = NO;
			};
			name = Release;
		};
/* End XCBuildConfiguration section */

/* Begin XCConfigurationList section */
		35F0B9A722A834F700C7E7C2 /* Build configuration list for PBXProject "RCocoaExample" */ = {
			isa = XCConfigurationList;
			buildConfigurations = (
				35F0B9B122A834F700C7E7C2 /* Debug */,
				35F0B9B222A834F700C7E7C2 /* Release */,
			);
			defaultConfigurationIsVisible = 0;
			defaultConfigurationName = Release;
		};
		35F0B9B322A834F700C7E7C2 /* Build configuration list for PBXNativeTarget "RCocoaExample" */ = {
			isa = XCConfigurationList;
			buildConfigurations = (
				35F0B9B422A834F700C7E7C2 /* Debug */,
				35F0B9B522A834F700C7E7C2 /* Release */,
			);
			defaultConfigurationIsVisible = 0;
			defaultConfigurationName = Release;
		};
/* End XCConfigurationList section */
	};
	rootObject = 35F0B9A422A834F700C7E7C2 /* Project object */;
}
